// !$*UTF8*$!
{
	archiveVersion = 1;
	classes = {
	};
	objectVersion = 50;
	objects = {

/* Begin PBXBuildFile section */
		0477A00A23AC94CF007E599B /* AppDelegate.m in Sources */ = {isa = PBXBuildFile; fileRef = 0477A00923AC94CF007E599B /* AppDelegate.m */; };
		0477A01523AC950F007E599B /* Assets.xcassets in Resources */ = {isa = PBXBuildFile; fileRef = 0477A01423AC950F007E599B /* Assets.xcassets */; };
		0477A01823AC950F007E599B /* LaunchScreen.storyboard in Resources */ = {isa = PBXBuildFile; fileRef = 0477A01623AC950F007E599B /* LaunchScreen.storyboard */; };
		0477A01B23AC950F007E599B /* main.m in Sources */ = {isa = PBXBuildFile; fileRef = 0477A01A23AC950F007E599B /* main.m */; };
		755E17D224592225001880DB /* FGIBeaconHandle.m in Sources */ = {isa = PBXBuildFile; fileRef = 755E17D124592225001880DB /* FGIBeaconHandle.m */; };
		75F3E48524736B7C006B38D2 /* FGBlueToothBuffer.m in Sources */ = {isa = PBXBuildFile; fileRef = 75F3E48024736B7C006B38D2 /* FGBlueToothBuffer.m */; };
		75F3E48624736B7C006B38D2 /* FGNormalBlueToothConnection.m in Sources */ = {isa = PBXBuildFile; fileRef = 75F3E48224736B7C006B38D2 /* FGNormalBlueToothConnection.m */; };
		75F3E48724736B7C006B38D2 /* FGBaseBlueToothConnection.m in Sources */ = {isa = PBXBuildFile; fileRef = 75F3E48324736B7C006B38D2 /* FGBaseBlueToothConnection.m */; };
		ADBD9E58404EB7D570E51FC8 /* libPods-DemoProject.a in Frameworks */ = {isa = PBXBuildFile; fileRef = 515B5BA23CDF37AAFEE0218C /* libPods-DemoProject.a */; };
/* End PBXBuildFile section */

/* Begin PBXFileReference section */
		0477A00523AC94CF007E599B /* iBeaconApp.app */ = {isa = PBXFileReference; explicitFileType = wrapper.application; includeInIndex = 0; path = iBeaconApp.app; sourceTree = BUILT_PRODUCTS_DIR; };
		0477A00823AC94CF007E599B /* AppDelegate.h */ = {isa = PBXFileReference; lastKnownFileType = sourcecode.c.h; path = AppDelegate.h; sourceTree = "<group>"; };
		0477A00923AC94CF007E599B /* AppDelegate.m */ = {isa = PBXFileReference; lastKnownFileType = sourcecode.c.objc; path = AppDelegate.m; sourceTree = "<group>"; };
		0477A01423AC950F007E599B /* Assets.xcassets */ = {isa = PBXFileReference; lastKnownFileType = folder.assetcatalog; path = Assets.xcassets; sourceTree = "<group>"; };
		0477A01723AC950F007E599B /* Base */ = {isa = PBXFileReference; lastKnownFileType = file.storyboard; name = Base; path = Base.lproj/LaunchScreen.storyboard; sourceTree = "<group>"; };
		0477A01923AC950F007E599B /* Info.plist */ = {isa = PBXFileReference; lastKnownFileType = text.plist.xml; path = Info.plist; sourceTree = "<group>"; };
		0477A01A23AC950F007E599B /* main.m */ = {isa = PBXFileReference; lastKnownFileType = sourcecode.c.objc; path = main.m; sourceTree = "<group>"; };
		0DC636FD61ABBC6A422C1F26 /* Pods-DemoProject.release.xcconfig */ = {isa = PBXFileReference; includeInIndex = 1; lastKnownFileType = text.xcconfig; name = "Pods-DemoProject.release.xcconfig"; path = "Target Support Files/Pods-DemoProject/Pods-DemoProject.release.xcconfig"; sourceTree = "<group>"; };
		0F6DA02F7229CBE8AC80621D /* Pods-DemoProject.debug.xcconfig */ = {isa = PBXFileReference; includeInIndex = 1; lastKnownFileType = text.xcconfig; name = "Pods-DemoProject.debug.xcconfig"; path = "Target Support Files/Pods-DemoProject/Pods-DemoProject.debug.xcconfig"; sourceTree = "<group>"; };
		515B5BA23CDF37AAFEE0218C /* libPods-DemoProject.a */ = {isa = PBXFileReference; explicitFileType = archive.ar; includeInIndex = 0; path = "libPods-DemoProject.a"; sourceTree = BUILT_PRODUCTS_DIR; };
		755E17D024592225001880DB /* FGIBeaconHandle.h */ = {isa = PBXFileReference; lastKnownFileType = sourcecode.c.h; name = FGIBeaconHandle.h; path = DemoProject/IBeaconApp/FGIBeaconHandle.h; sourceTree = SOURCE_ROOT; };
		755E17D124592225001880DB /* FGIBeaconHandle.m */ = {isa = PBXFileReference; lastKnownFileType = sourcecode.c.objc; name = FGIBeaconHandle.m; path = DemoProject/IBeaconApp/FGIBeaconHandle.m; sourceTree = SOURCE_ROOT; };
		75F3E47E24736B7C006B38D2 /* FGBaseBlueToothConnection.h */ = {isa = PBXFileReference; fileEncoding = 4; lastKnownFileType = sourcecode.c.h; path = FGBaseBlueToothConnection.h; sourceTree = "<group>"; };
		75F3E47F24736B7C006B38D2 /* FGNormalBlueToothConnection.h */ = {isa = PBXFileReference; fileEncoding = 4; lastKnownFileType = sourcecode.c.h; path = FGNormalBlueToothConnection.h; sourceTree = "<group>"; };
		75F3E48024736B7C006B38D2 /* FGBlueToothBuffer.m */ = {isa = PBXFileReference; fileEncoding = 4; lastKnownFileType = sourcecode.c.objc; path = FGBlueToothBuffer.m; sourceTree = "<group>"; };
		75F3E48124736B7C006B38D2 /* FGBluetoothConnectionProtocol.h */ = {isa = PBXFileReference; fileEncoding = 4; lastKnownFileType = sourcecode.c.h; path = FGBluetoothConnectionProtocol.h; sourceTree = "<group>"; };
		75F3E48224736B7C006B38D2 /* FGNormalBlueToothConnection.m */ = {isa = PBXFileReference; fileEncoding = 4; lastKnownFileType = sourcecode.c.objc; path = FGNormalBlueToothConnection.m; sourceTree = "<group>"; };
		75F3E48324736B7C006B38D2 /* FGBaseBlueToothConnection.m */ = {isa = PBXFileReference; fileEncoding = 4; lastKnownFileType = sourcecode.c.objc; path = FGBaseBlueToothConnection.m; sourceTree = "<group>"; };
		75F3E48424736B7C006B38D2 /* FGBlueToothBuffer.h */ = {isa = PBXFileReference; fileEncoding = 4; lastKnownFileType = sourcecode.c.h; path = FGBlueToothBuffer.h; sourceTree = "<group>"; };
/* End PBXFileReference section */

/* Begin PBXFrameworksBuildPhase section */
		0477A00223AC94CF007E599B /* Frameworks */ = {
			isa = PBXFrameworksBuildPhase;
			buildActionMask = 2147483647;
			files = (
				ADBD9E58404EB7D570E51FC8 /* libPods-DemoProject.a in Frameworks */,
			);
			runOnlyForDeploymentPostprocessing = 0;
		};
/* End PBXFrameworksBuildPhase section */

/* Begin PBXGroup section */
		04779FFC23AC94CF007E599B = {
			isa = PBXGroup;
			children = (
				0477A00723AC94CF007E599B /* DemoProject */,
				0477A00623AC94CF007E599B /* Products */,
				B805310B619CED78F18876DB /* Pods */,
				04A95A931A437DF76E110FBC /* Frameworks */,
			);
			sourceTree = "<group>";
		};
		0477A00623AC94CF007E599B /* Products */ = {
			isa = PBXGroup;
			children = (
				0477A00523AC94CF007E599B /* iBeaconApp.app */,
			);
			name = Products;
			sourceTree = "<group>";
		};
		0477A00723AC94CF007E599B /* DemoProject */ = {
			isa = PBXGroup;
			children = (
				75F3E47D24736B7C006B38D2 /* Classes */,
				75685E422459207A0027BA60 /* iBeaconApp */,
				0477A00823AC94CF007E599B /* AppDelegate.h */,
				0477A00923AC94CF007E599B /* AppDelegate.m */,
				0477A01423AC950F007E599B /* Assets.xcassets */,
				0477A01623AC950F007E599B /* LaunchScreen.storyboard */,
				0477A01923AC950F007E599B /* Info.plist */,
				0477A01A23AC950F007E599B /* main.m */,
			);
			path = DemoProject;
			sourceTree = "<group>";
		};
		04A95A931A437DF76E110FBC /* Frameworks */ = {
			isa = PBXGroup;
			children = (
				515B5BA23CDF37AAFEE0218C /* libPods-DemoProject.a */,
			);
			name = Frameworks;
			sourceTree = "<group>";
		};
		75685E422459207A0027BA60 /* iBeaconApp */ = {
			isa = PBXGroup;
			children = (
				755E17D024592225001880DB /* FGIBeaconHandle.h */,
				755E17D124592225001880DB /* FGIBeaconHandle.m */,
			);
			path = iBeaconApp;
			sourceTree = "<group>";
		};
		75F3E47D24736B7C006B38D2 /* Classes */ = {
			isa = PBXGroup;
			children = (
				75F3E48124736B7C006B38D2 /* FGBluetoothConnectionProtocol.h */,
				75F3E47E24736B7C006B38D2 /* FGBaseBlueToothConnection.h */,
				75F3E48324736B7C006B38D2 /* FGBaseBlueToothConnection.m */,
				75F3E48424736B7C006B38D2 /* FGBlueToothBuffer.h */,
				75F3E48024736B7C006B38D2 /* FGBlueToothBuffer.m */,
				75F3E47F24736B7C006B38D2 /* FGNormalBlueToothConnection.h */,
				75F3E48224736B7C006B38D2 /* FGNormalBlueToothConnection.m */,
			);
			name = Classes;
			path = ../../Classes;
			sourceTree = "<group>";
		};
		B805310B619CED78F18876DB /* Pods */ = {
			isa = PBXGroup;
			children = (
				0F6DA02F7229CBE8AC80621D /* Pods-DemoProject.debug.xcconfig */,
				0DC636FD61ABBC6A422C1F26 /* Pods-DemoProject.release.xcconfig */,
			);
			path = Pods;
			sourceTree = "<group>";
		};
/* End PBXGroup section */

/* Begin PBXNativeTarget section */
		0477A00423AC94CF007E599B /* DemoProject */ = {
			isa = PBXNativeTarget;
			buildConfigurationList = 0477A01E23AC950F007E599B /* Build configuration list for PBXNativeTarget "DemoProject" */;
			buildPhases = (
				262C964B444E69CD69FCD855 /* [CP] Check Pods Manifest.lock */,
				0477A00123AC94CF007E599B /* Sources */,
				0477A00223AC94CF007E599B /* Frameworks */,
				0477A00323AC94CF007E599B /* Resources */,
			);
			buildRules = (
			);
			dependencies = (
			);
			name = DemoProject;
			productName = DemoProject;
			productReference = 0477A00523AC94CF007E599B /* iBeaconApp.app */;
			productType = "com.apple.product-type.application";
		};
/* End PBXNativeTarget section */

/* Begin PBXProject section */
		04779FFD23AC94CF007E599B /* Project object */ = {
			isa = PBXProject;
			attributes = {
				LastUpgradeCheck = 1120;
				ORGANIZATIONNAME = Mac;
				TargetAttributes = {
					0477A00423AC94CF007E599B = {
						CreatedOnToolsVersion = 11.2.1;
					};
				};
			};
			buildConfigurationList = 0477A00023AC94CF007E599B /* Build configuration list for PBXProject "DemoProject" */;
			compatibilityVersion = "Xcode 9.3";
			developmentRegion = en;
			hasScannedForEncodings = 0;
			knownRegions = (
				en,
				Base,
			);
			mainGroup = 04779FFC23AC94CF007E599B;
			productRefGroup = 0477A00623AC94CF007E599B /* Products */;
			projectDirPath = "";
			projectRoot = "";
			targets = (
				0477A00423AC94CF007E599B /* DemoProject */,
			);
		};
/* End PBXProject section */

/* Begin PBXResourcesBuildPhase section */
		0477A00323AC94CF007E599B /* Resources */ = {
			isa = PBXResourcesBuildPhase;
			buildActionMask = 2147483647;
			files = (
				0477A01823AC950F007E599B /* LaunchScreen.storyboard in Resources */,
				0477A01523AC950F007E599B /* Assets.xcassets in Resources */,
			);
			runOnlyForDeploymentPostprocessing = 0;
		};
/* End PBXResourcesBuildPhase section */

/* Begin PBXShellScriptBuildPhase section */
		262C964B444E69CD69FCD855 /* [CP] Check Pods Manifest.lock */ = {
			isa = PBXShellScriptBuildPhase;
			buildActionMask = 2147483647;
			files = (
			);
			inputFileListPaths = (
			);
			inputPaths = (
				"${PODS_PODFILE_DIR_PATH}/Podfile.lock",
				"${PODS_ROOT}/Manifest.lock",
			);
			name = "[CP] Check Pods Manifest.lock";
			outputFileListPaths = (
			);
			outputPaths = (
				"$(DERIVED_FILE_DIR)/Pods-DemoProject-checkManifestLockResult.txt",
			);
			runOnlyForDeploymentPostprocessing = 0;
			shellPath = /bin/sh;
			shellScript = "diff \"${PODS_PODFILE_DIR_PATH}/Podfile.lock\" \"${PODS_ROOT}/Manifest.lock\" > /dev/null\nif [ $? != 0 ] ; then\n    # print error to STDERR\n    echo \"error: The sandbox is not in sync with the Podfile.lock. Run 'pod install' or update your CocoaPods installation.\" >&2\n    exit 1\nfi\n# This output is used by Xcode 'outputs' to avoid re-running this script phase.\necho \"SUCCESS\" > \"${SCRIPT_OUTPUT_FILE_0}\"\n";
			showEnvVarsInLog = 0;
		};
/* End PBXShellScriptBuildPhase section */

/* Begin PBXSourcesBuildPhase section */
		0477A00123AC94CF007E599B /* Sources */ = {
			isa = PBXSourcesBuildPhase;
			buildActionMask = 2147483647;
			files = (
				755E17D224592225001880DB /* FGIBeaconHandle.m in Sources */,
				75F3E48624736B7C006B38D2 /* FGNormalBlueToothConnection.m in Sources */,
				75F3E48524736B7C006B38D2 /* FGBlueToothBuffer.m in Sources */,
				75F3E48724736B7C006B38D2 /* FGBaseBlueToothConnection.m in Sources */,
				0477A00A23AC94CF007E599B /* AppDelegate.m in Sources */,
				0477A01B23AC950F007E599B /* main.m in Sources */,
			);
			runOnlyForDeploymentPostprocessing = 0;
		};
/* End PBXSourcesBuildPhase section */

/* Begin PBXVariantGroup section */
		0477A01623AC950F007E599B /* LaunchScreen.storyboard */ = {
			isa = PBXVariantGroup;
			children = (
				0477A01723AC950F007E599B /* Base */,
			);
			name = LaunchScreen.storyboard;
			sourceTree = "<group>";
		};
/* End PBXVariantGroup section */

/* Begin XCBuildConfiguration section */
		0477A01C23AC950F007E599B /* Debug */ = {
			isa = XCBuildConfiguration;
			buildSettings = {
				ALWAYS_SEARCH_USER_PATHS = NO;
				CLANG_ANALYZER_NONNULL = YES;
				CLANG_ANALYZER_NUMBER_OBJECT_CONVERSION = YES_AGGRESSIVE;
				CLANG_CXX_LANGUAGE_STANDARD = "gnu++14";
				CLANG_CXX_LIBRARY = "libc++";
				CLANG_ENABLE_MODULES = YES;
				CLANG_ENABLE_OBJC_ARC = YES;
				CLANG_ENABLE_OBJC_WEAK = YES;
				CLANG_WARN_BLOCK_CAPTURE_AUTORELEASING = YES;
				CLANG_WARN_BOOL_CONVERSION = YES;
				CLANG_WARN_COMMA = YES;
				CLANG_WARN_CONSTANT_CONVERSION = YES;
				CLANG_WARN_DEPRECATED_OBJC_IMPLEMENTATIONS = YES;
				CLANG_WARN_DIRECT_OBJC_ISA_USAGE = YES_ERROR;
				CLANG_WARN_DOCUMENTATION_COMMENTS = YES;
				CLANG_WARN_EMPTY_BODY = YES;
				CLANG_WARN_ENUM_CONVERSION = YES;
				CLANG_WARN_INFINITE_RECURSION = YES;
				CLANG_WARN_INT_CONVERSION = YES;
				CLANG_WARN_NON_LITERAL_NULL_CONVERSION = YES;
				CLANG_WARN_OBJC_IMPLICIT_RETAIN_SELF = YES;
				CLANG_WARN_OBJC_LITERAL_CONVERSION = YES;
				CLANG_WARN_OBJC_ROOT_CLASS = YES_ERROR;
				CLANG_WARN_RANGE_LOOP_ANALYSIS = YES;
				CLANG_WARN_STRICT_PROTOTYPES = YES;
				CLANG_WARN_SUSPICIOUS_MOVE = YES;
				CLANG_WARN_UNGUARDED_AVAILABILITY = YES_AGGRESSIVE;
				CLANG_WARN_UNREACHABLE_CODE = YES;
				CLANG_WARN__DUPLICATE_METHOD_MATCH = YES;
				COPY_PHASE_STRIP = NO;
				DEBUG_INFORMATION_FORMAT = dwarf;
				ENABLE_STRICT_OBJC_MSGSEND = YES;
				ENABLE_TESTABILITY = YES;
				GCC_C_LANGUAGE_STANDARD = gnu11;
				GCC_DYNAMIC_NO_PIC = NO;
				GCC_NO_COMMON_BLOCKS = YES;
				GCC_OPTIMIZATION_LEVEL = 0;
				GCC_PREPROCESSOR_DEFINITIONS = (
					"DEBUG=1",
					"$(inherited)",
				);
				GCC_WARN_64_TO_32_BIT_CONVERSION = YES;
				GCC_WARN_ABOUT_RETURN_TYPE = YES_ERROR;
				GCC_WARN_UNDECLARED_SELECTOR = YES;
				GCC_WARN_UNINITIALIZED_AUTOS = YES_AGGRESSIVE;
				GCC_WARN_UNUSED_FUNCTION = YES;
				GCC_WARN_UNUSED_VARIABLE = YES;
				IPHONEOS_DEPLOYMENT_TARGET = 13.2;
				MTL_ENABLE_DEBUG_INFO = INCLUDE_SOURCE;
				MTL_FAST_MATH = YES;
				ONLY_ACTIVE_ARCH = YES;
				SDKROOT = iphoneos;
			};
			name = Debug;
		};
		0477A01D23AC950F007E599B /* Release */ = {
			isa = XCBuildConfiguration;
			buildSettings = {
				ALWAYS_SEARCH_USER_PATHS = NO;
				CLANG_ANALYZER_NONNULL = YES;
				CLANG_ANALYZER_NUMBER_OBJECT_CONVERSION = YES_AGGRESSIVE;
				CLANG_CXX_LANGUAGE_STANDARD = "gnu++14";
				CLANG_CXX_LIBRARY = "libc++";
				CLANG_ENABLE_MODULES = YES;
				CLANG_ENABLE_OBJC_ARC = YES;
				CLANG_ENABLE_OBJC_WEAK = YES;
				CLANG_WARN_BLOCK_CAPTURE_AUTORELEASING = YES;
				CLANG_WARN_BOOL_CONVERSION = YES;
				CLANG_WARN_COMMA = YES;
				CLANG_WARN_CONSTANT_CONVERSION = YES;
				CLANG_WARN_DEPRECATED_OBJC_IMPLEMENTATIONS = YES;
				CLANG_WARN_DIRECT_OBJC_ISA_USAGE = YES_ERROR;
				CLANG_WARN_DOCUMENTATION_COMMENTS = YES;
				CLANG_WARN_EMPTY_BODY = YES;
				CLANG_WARN_ENUM_CONVERSION = YES;
				CLANG_WARN_INFINITE_RECURSION = YES;
				CLANG_WARN_INT_CONVERSION = YES;
				CLANG_WARN_NON_LITERAL_NULL_CONVERSION = YES;
				CLANG_WARN_OBJC_IMPLICIT_RETAIN_SELF = YES;
				CLANG_WARN_OBJC_LITERAL_CONVERSION = YES;
				CLANG_WARN_OBJC_ROOT_CLASS = YES_ERROR;
				CLANG_WARN_RANGE_LOOP_ANALYSIS = YES;
				CLANG_WARN_STRICT_PROTOTYPES = YES;
				CLANG_WARN_SUSPICIOUS_MOVE = YES;
				CLANG_WARN_UNGUARDED_AVAILABILITY = YES_AGGRESSIVE;
				CLANG_WARN_UNREACHABLE_CODE = YES;
				CLANG_WARN__DUPLICATE_METHOD_MATCH = YES;
				COPY_PHASE_STRIP = NO;
				DEBUG_INFORMATION_FORMAT = "dwarf-with-dsym";
				ENABLE_NS_ASSERTIONS = NO;
				ENABLE_STRICT_OBJC_MSGSEND = YES;
				GCC_C_LANGUAGE_STANDARD = gnu11;
				GCC_NO_COMMON_BLOCKS = YES;
				GCC_WARN_64_TO_32_BIT_CONVERSION = YES;
				GCC_WARN_ABOUT_RETURN_TYPE = YES_ERROR;
				GCC_WARN_UNDECLARED_SELECTOR = YES;
				GCC_WARN_UNINITIALIZED_AUTOS = YES_AGGRESSIVE;
				GCC_WARN_UNUSED_FUNCTION = YES;
				GCC_WARN_UNUSED_VARIABLE = YES;
				IPHONEOS_DEPLOYMENT_TARGET = 13.2;
				MTL_ENABLE_DEBUG_INFO = NO;
				MTL_FAST_MATH = YES;
				SDKROOT = iphoneos;
				VALIDATE_PRODUCT = YES;
			};
			name = Release;
		};
		0477A01F23AC950F007E599B /* Debug */ = {
			isa = XCBuildConfiguration;
			baseConfigurationReference = 0F6DA02F7229CBE8AC80621D /* Pods-DemoProject.debug.xcconfig */;
			buildSettings = {
				ASSETCATALOG_COMPILER_APPICON_NAME = AppIcon;
				CODE_SIGN_STYLE = Automatic;
				DEVELOPMENT_TEAM = 2635US9WUS;
				INFOPLIST_FILE = DemoProject/Info.plist;
				IPHONEOS_DEPLOYMENT_TARGET = 9.0;
				LD_RUNPATH_SEARCH_PATHS = (
					"$(inherited)",
					"@executable_path/Frameworks",
				);
				PRODUCT_BUNDLE_IDENTIFIER = com.nancx.ibeaconApp;
				PRODUCT_NAME = iBeaconApp;
				TARGETED_DEVICE_FAMILY = 1;
			};
			name = Debug;
		};
		0477A02023AC950F007E599B /* Release */ = {
			isa = XCBuildConfiguration;
			baseConfigurationReference = 0DC636FD61ABBC6A422C1F26 /* Pods-DemoProject.release.xcconfig */;
			buildSettings = {
				ASSETCATALOG_COMPILER_APPICON_NAME = AppIcon;
				CODE_SIGN_STYLE = Automatic;
				DEVELOPMENT_TEAM = 2635US9WUS;
				INFOPLIST_FILE = DemoProject/Info.plist;
				IPHONEOS_DEPLOYMENT_TARGET = 9.0;
				LD_RUNPATH_SEARCH_PATHS = (
					"$(inherited)",
					"@executable_path/Frameworks",
				);
				PRODUCT_BUNDLE_IDENTIFIER = com.nancx.ibeaconApp;
				PRODUCT_NAME = iBeaconApp;
				TARGETED_DEVICE_FAMILY = 1;
			};
			name = Release;
		};
/* End XCBuildConfiguration section */

/* Begin XCConfigurationList section */
		0477A00023AC94CF007E599B /* Build configuration list for PBXProject "DemoProject" */ = {
			isa = XCConfigurationList;
			buildConfigurations = (
				0477A01C23AC950F007E599B /* Debug */,
				0477A01D23AC950F007E599B /* Release */,
			);
			defaultConfigurationIsVisible = 0;
			defaultConfigurationName = Release;
		};
		0477A01E23AC950F007E599B /* Build configuration list for PBXNativeTarget "DemoProject" */ = {
			isa = XCConfigurationList;
			buildConfigurations = (
				0477A01F23AC950F007E599B /* Debug */,
				0477A02023AC950F007E599B /* Release */,
			);
			defaultConfigurationIsVisible = 0;
			defaultConfigurationName = Release;
		};
/* End XCConfigurationList section */
	};
	rootObject = 04779FFD23AC94CF007E599B /* Project object */;
}
